
Microsoft Visual Studio Solution File, Format Version 12.00
# Visual Studio 15
VisualStudioVersion = 15.0.28307.271
MinimumVisualStudioVersion = 10.0.40219.1
Project("{FAE04EC0-301F-11D3-BF4B-00C04F79EFBC}") = "SilkPlaster.DataAccessLayer", "SilkPlaster.DataAccessLayer\SilkPlaster.DataAccessLayer.csproj", "{D5266371-FA71-4615-99F9-55901CE1DF37}"
EndProject
Project("{FAE04EC0-301F-11D3-BF4B-00C04F79EFBC}") = "SilkPlaster.BusinessLayer", "SilkPlaster.BusinessLayer\SilkPlaster.BusinessLayer.csproj", "{11FAD42D-D812-4B02-B56F-F30AA5AEC23F}"
EndProject
Project("{FAE04EC0-301F-11D3-BF4B-00C04F79EFBC}") = "SilkPlaster.Entities", "SilkPlaster.Entities\SilkPlaster.Entities.csproj", "{898B9791-BC80-410A-8262-FC31E9DFB54E}"
EndProject
Project("{FAE04EC0-301F-11D3-BF4B-00C04F79EFBC}") = "SilkPlaster.Core", "SilkPlaster.Core\SilkPlaster.Core.csproj", "{91D83800-ECDC-412E-AB2D-3EB5641B1D58}"
EndProject
Project("{FAE04EC0-301F-11D3-BF4B-00C04F79EFBC}") = "SilkPlaster.Common", "SilkPlaster.Common\SilkPlaster.Common.csproj", "{1F776D43-4A84-4BF8-A61A-70EF87968BF8}"
EndProject
Project("{FAE04EC0-301F-11D3-BF4B-00C04F79EFBC}") = "SilkPlaster.UI", "SilkPlaster.UI\SilkPlaster.UI.csproj", "{1F52FF2F-C6CE-4A25-88A0-1A4D4D4DFF8A}"
EndProject
Global
	GlobalSection(SolutionConfigurationPlatforms) = preSolution
		Debug|Any CPU = Debug|Any CPU
		Release|Any CPU = Release|Any CPU
	EndGlobalSection
	GlobalSection(ProjectConfigurationPlatforms) = postSolution
		{D5266371-FA71-4615-99F9-55901CE1DF37}.Debug|Any CPU.ActiveCfg = Debug|Any CPU
		{D5266371-FA71-4615-99F9-55901CE1DF37}.Debug|Any CPU.Build.0 = Debug|Any CPU
		{D5266371-FA71-4615-99F9-55901CE1DF37}.Release|Any CPU.ActiveCfg = Release|Any CPU
		{D5266371-FA71-4615-99F9-55901CE1DF37}.Release|Any CPU.Build.0 = Release|Any CPU
		{11FAD42D-D812-4B02-B56F-F30AA5AEC23F}.Debug|Any CPU.ActiveCfg = Debug|Any CPU
		{11FAD42D-D812-4B02-B56F-F30AA5AEC23F}.Debug|Any CPU.Build.0 = Debug|Any CPU
		{11FAD42D-D812-4B02-B56F-F30AA5AEC23F}.Release|Any CPU.ActiveCfg = Release|Any CPU
		{11FAD42D-D812-4B02-B56F-F30AA5AEC23F}.Release|Any CPU.Build.0 = Release|Any CPU
		{898B9791-BC80-410A-8262-FC31E9DFB54E}.Debug|Any CPU.ActiveCfg = Debug|Any CPU
		{898B9791-BC80-410A-8262-FC31E9DFB54E}.Debug|Any CPU.Build.0 = Debug|Any CPU
		{898B9791-BC80-410A-8262-FC31E9DFB54E}.Release|Any CPU.ActiveCfg = Release|Any CPU
		{898B9791-BC80-410A-8262-FC31E9DFB54E}.Release|Any CPU.Build.0 = Release|Any CPU
		{91D83800-ECDC-412E-AB2D-3EB5641B1D58}.Debug|Any CPU.ActiveCfg = Debug|Any CPU
		{91D83800-ECDC-412E-AB2D-3EB5641B1D58}.Debug|Any CPU.Build.0 = Debug|Any CPU
		{91D83800-ECDC-412E-AB2D-3EB5641B1D58}.Release|Any CPU.ActiveCfg = Release|Any CPU
		{91D83800-ECDC-412E-AB2D-3EB5641B1D58}.Release|Any CPU.Build.0 = Release|Any CPU
		{1F776D43-4A84-4BF8-A61A-70EF87968BF8}.Debug|Any CPU.ActiveCfg = Debug|Any CPU
		{1F776D43-4A84-4BF8-A61A-70EF87968BF8}.Debug|Any CPU.Build.0 = Debug|Any CPU
		{1F776D43-4A84-4BF8-A61A-70EF87968BF8}.Release|Any CPU.ActiveCfg = Release|Any CPU
		{1F776D43-4A84-4BF8-A61A-70EF87968BF8}.Release|Any CPU.Build.0 = Release|Any CPU
		{1F52FF2F-C6CE-4A25-88A0-1A4D4D4DFF8A}.Debug|Any CPU.ActiveCfg = Debug|Any CPU
		{1F52FF2F-C6CE-4A25-88A0-1A4D4D4DFF8A}.Debug|Any CPU.Build.0 = Debug|Any CPU
		{1F52FF2F-C6CE-4A25-88A0-1A4D4D4DFF8A}.Release|Any CPU.ActiveCfg = Release|Any CPU
		{1F52FF2F-C6CE-4A25-88A0-1A4D4D4DFF8A}.Release|Any CPU.Build.0 = Release|Any CPU
	EndGlobalSection
	GlobalSection(SolutionProperties) = preSolution
		HideSolutionNode = FALSE
	EndGlobalSection
	GlobalSection(ExtensibilityGlobals) = postSolution
		SolutionGuid = {7E057628-91B1-455F-8B7D-1A5302A79EF0}
	EndGlobalSection
EndGlobal
